
Microsoft Visual Studio Solution File, Format Version 12.00
# Visual Studio Version 17
VisualStudioVersion = 17.9.34728.123
MinimumVisualStudioVersion = 10.0.40219.1
Project("{8BC9CEB8-8B4A-11D0-8D11-00A0C91BC942}") = "breakout", "breakout\breakout.vcxproj", "{8ADF9C5C-C08C-449B-A42F-5A5E4DA63D00}"
EndProject
Global
	GlobalSection(SolutionConfigurationPlatforms) = preSolution
		Debug|x64 = Debug|x64
		Debug|x86 = Debug|x86
		Release|x64 = Release|x64
		Release|x86 = Release|x86
	EndGlobalSection
	GlobalSection(ProjectConfigurationPlatforms) = postSolution
		{8ADF9C5C-C08C-449B-A42F-5A5E4DA63D00}.Debug|x64.ActiveCfg = Debug|x64
		{8ADF9C5C-C08C-449B-A42F-5A5E4DA63D00}.Debug|x64.Build.0 = Debug|x64
		{8ADF9C5C-C08C-449B-A42F-5A5E4DA63D00}.Debug|x86.ActiveCfg = Debug|Win32
		{8ADF9C5C-C08C-449B-A42F-5A5E4DA63D00}.Debug|x86.Build.0 = Debug|Win32
		{8ADF9C5C-C08C-449B-A42F-5A5E4DA63D00}.Release|x64.ActiveCfg = Release|x64
		{8ADF9C5C-C08C-449B-A42F-5A5E4DA63D00}.Release|x64.Build.0 = Release|x64
		{8ADF9C5C-C08C-449B-A42F-5A5E4DA63D00}.Release|x86.ActiveCfg = Release|Win32
		{8ADF9C5C-C08C-449B-A42F-5A5E4DA63D00}.Release|x86.Build.0 = Release|Win32
	EndGlobalSection
	GlobalSection(SolutionProperties) = preSolution
		HideSolutionNode = FALSE
	EndGlobalSection
	GlobalSection(ExtensibilityGlobals) = postSolution
		SolutionGuid = {6EDF80C0-A1EE-41A6-BAD1-AA067EDE993A}
	EndGlobalSection
EndGlobal
